
Microsoft Visual Studio Solution File, Format Version 12.00
# Visual Studio Version 16
VisualStudioVersion = 16.0.30002.166
MinimumVisualStudioVersion = 10.0.40219.1
Project("{9A19103F-16F7-4668-BE54-9A1E7A4F7556}") = "DotNet2020.Domain._1", "DotNet2020.Domain._1\DotNet2020.Domain._1.csproj", "{381AB34F-BFA3-44E8-82C8-9545D2679B08}"
EndProject
Project("{FAE04EC0-301F-11D3-BF4B-00C04F79EFBC}") = "DotNet2020.Domain._1.Vsix", "DotNet2020.Domain._1.Vsix\DotNet2020.Domain._1.Vsix.csproj", "{EB22BDB9-627C-41B8-BC1D-9ACAB41D495C}"
EndProject
Global
	GlobalSection(SolutionConfigurationPlatforms) = preSolution
		Debug|Any CPU = Debug|Any CPU
		Release|Any CPU = Release|Any CPU
	EndGlobalSection
	GlobalSection(ProjectConfigurationPlatforms) = postSolution
		{381AB34F-BFA3-44E8-82C8-9545D2679B08}.Debug|Any CPU.ActiveCfg = Debug|Any CPU
		{381AB34F-BFA3-44E8-82C8-9545D2679B08}.Debug|Any CPU.Build.0 = Debug|Any CPU
		{381AB34F-BFA3-44E8-82C8-9545D2679B08}.Release|Any CPU.ActiveCfg = Release|Any CPU
		{381AB34F-BFA3-44E8-82C8-9545D2679B08}.Release|Any CPU.Build.0 = Release|Any CPU
		{EB22BDB9-627C-41B8-BC1D-9ACAB41D495C}.Debug|Any CPU.ActiveCfg = Debug|Any CPU
		{EB22BDB9-627C-41B8-BC1D-9ACAB41D495C}.Debug|Any CPU.Build.0 = Debug|Any CPU
		{EB22BDB9-627C-41B8-BC1D-9ACAB41D495C}.Release|Any CPU.ActiveCfg = Release|Any CPU
		{EB22BDB9-627C-41B8-BC1D-9ACAB41D495C}.Release|Any CPU.Build.0 = Release|Any CPU
	EndGlobalSection
	GlobalSection(SolutionProperties) = preSolution
		HideSolutionNode = FALSE
	EndGlobalSection
	GlobalSection(ExtensibilityGlobals) = postSolution
		SolutionGuid = {F42322D8-7F97-4A8C-B77B-9DBCABB9DCE9}
	EndGlobalSection
EndGlobal
